<?xml version="1.0" encoding="UTF-8"?>
<CodeBlocks_project_file>
	<FileVersion major="1" minor="6"/>
	<Project>
		<Option title="server"/>
		<Option makefile_is_custom="1"/>
		<Option compiler="gcc"/>
		<Option virtualFolders="CMake Files\;"/>
		<Build>
			<Target title="all">
				<Option working_dir="/home/adele/work/medieval-board-game/server"/>
				<Option type="4"/>
				<MakeCommands>
					<Build command="/usr/bin/make -f &quot;/home/adele/work/medieval-board-game/server/Makefile&quot;  VERBOSE=1 all"/>
					<CompileFile command="/usr/bin/make -f &quot;/home/adele/work/medieval-board-game/server/Makefile&quot;  VERBOSE=1 &quot;$file&quot;"/>
					<Clean command="/usr/bin/make -f &quot;/home/adele/work/medieval-board-game/server/Makefile&quot;  VERBOSE=1 clean"/>
					<DistClean command="/usr/bin/make -f &quot;/home/adele/work/medieval-board-game/server/Makefile&quot;  VERBOSE=1 clean"/>
				</MakeCommands>
			</Target>
			<Target title="edit_cache">
				<Option working_dir="/home/adele/work/medieval-board-game/server"/>
				<Option type="4"/>
				<MakeCommands>
					<Build command="/usr/bin/make -f &quot;/home/adele/work/medieval-board-game/server/Makefile&quot;  VERBOSE=1 edit_cache"/>
					<CompileFile command="/usr/bin/make -f &quot;/home/adele/work/medieval-board-game/server/Makefile&quot;  VERBOSE=1 &quot;$file&quot;"/>
					<Clean command="/usr/bin/make -f &quot;/home/adele/work/medieval-board-game/server/Makefile&quot;  VERBOSE=1 clean"/>
					<DistClean command="/usr/bin/make -f &quot;/home/adele/work/medieval-board-game/server/Makefile&quot;  VERBOSE=1 clean"/>
				</MakeCommands>
			</Target>
			<Target title="rebuild_cache">
				<Option working_dir="/home/adele/work/medieval-board-game/server"/>
				<Option type="4"/>
				<MakeCommands>
					<Build command="/usr/bin/make -f &quot;/home/adele/work/medieval-board-game/server/Makefile&quot;  VERBOSE=1 rebuild_cache"/>
					<CompileFile command="/usr/bin/make -f &quot;/home/adele/work/medieval-board-game/server/Makefile&quot;  VERBOSE=1 &quot;$file&quot;"/>
					<Clean command="/usr/bin/make -f &quot;/home/adele/work/medieval-board-game/server/Makefile&quot;  VERBOSE=1 clean"/>
					<DistClean command="/usr/bin/make -f &quot;/home/adele/work/medieval-board-game/server/Makefile&quot;  VERBOSE=1 clean"/>
				</MakeCommands>
			</Target>
			<Target title="tests">
				<Option output="/home/adele/work/medieval-board-game/server/tests" prefix_auto="0" extension_auto="0"/>
				<Option working_dir="/home/adele/work/medieval-board-game/server"/>
				<Option object_output="./"/>
				<Option type="1"/>
				<Option compiler="gcc"/>
				<Compiler>
					<Add directory="/home/adele/work/medieval-board-game/server/."/>
					<Add directory="/home/adele/work/medieval-board-game/server/src/uWS"/>
					<Add directory="/include"/>
					<Add directory="/home/adele/work/medieval-board-game/server/$gtest_SOURCE_DIR}"/>
				</Compiler>
				<MakeCommands>
					<Build command="/usr/bin/make -f &quot;/home/adele/work/medieval-board-game/server/Makefile&quot;  VERBOSE=1 tests"/>
					<CompileFile command="/usr/bin/make -f &quot;/home/adele/work/medieval-board-game/server/Makefile&quot;  VERBOSE=1 &quot;$file&quot;"/>
					<Clean command="/usr/bin/make -f &quot;/home/adele/work/medieval-board-game/server/Makefile&quot;  VERBOSE=1 clean"/>
					<DistClean command="/usr/bin/make -f &quot;/home/adele/work/medieval-board-game/server/Makefile&quot;  VERBOSE=1 clean"/>
				</MakeCommands>
			</Target>
			<Target title="tests/fast">
				<Option output="/home/adele/work/medieval-board-game/server/tests" prefix_auto="0" extension_auto="0"/>
				<Option working_dir="/home/adele/work/medieval-board-game/server"/>
				<Option object_output="./"/>
				<Option type="1"/>
				<Option compiler="gcc"/>
				<Compiler>
					<Add directory="/home/adele/work/medieval-board-game/server/."/>
					<Add directory="/home/adele/work/medieval-board-game/server/src/uWS"/>
					<Add directory="/include"/>
					<Add directory="/home/adele/work/medieval-board-game/server/$gtest_SOURCE_DIR}"/>
				</Compiler>
				<MakeCommands>
					<Build command="/usr/bin/make -f &quot;/home/adele/work/medieval-board-game/server/Makefile&quot;  VERBOSE=1 tests/fast"/>
					<CompileFile command="/usr/bin/make -f &quot;/home/adele/work/medieval-board-game/server/Makefile&quot;  VERBOSE=1 &quot;$file&quot;"/>
					<Clean command="/usr/bin/make -f &quot;/home/adele/work/medieval-board-game/server/Makefile&quot;  VERBOSE=1 clean"/>
					<DistClean command="/usr/bin/make -f &quot;/home/adele/work/medieval-board-game/server/Makefile&quot;  VERBOSE=1 clean"/>
				</MakeCommands>
			</Target>
			<Target title="server">
				<Option output="/home/adele/work/medieval-board-game/server/server" prefix_auto="0" extension_auto="0"/>
				<Option working_dir="/home/adele/work/medieval-board-game/server"/>
				<Option object_output="./"/>
				<Option type="1"/>
				<Option compiler="gcc"/>
				<Compiler>
					<Add directory="/home/adele/work/medieval-board-game/server/."/>
					<Add directory="/home/adele/work/medieval-board-game/server/src/uWS"/>
					<Add directory="/include"/>
					<Add directory="/home/adele/work/medieval-board-game/server/$gtest_SOURCE_DIR}"/>
				</Compiler>
				<MakeCommands>
					<Build command="/usr/bin/make -f &quot;/home/adele/work/medieval-board-game/server/Makefile&quot;  VERBOSE=1 server"/>
					<CompileFile command="/usr/bin/make -f &quot;/home/adele/work/medieval-board-game/server/Makefile&quot;  VERBOSE=1 &quot;$file&quot;"/>
					<Clean command="/usr/bin/make -f &quot;/home/adele/work/medieval-board-game/server/Makefile&quot;  VERBOSE=1 clean"/>
					<DistClean command="/usr/bin/make -f &quot;/home/adele/work/medieval-board-game/server/Makefile&quot;  VERBOSE=1 clean"/>
				</MakeCommands>
			</Target>
			<Target title="server/fast">
				<Option output="/home/adele/work/medieval-board-game/server/server" prefix_auto="0" extension_auto="0"/>
				<Option working_dir="/home/adele/work/medieval-board-game/server"/>
				<Option object_output="./"/>
				<Option type="1"/>
				<Option compiler="gcc"/>
				<Compiler>
					<Add directory="/home/adele/work/medieval-board-game/server/."/>
					<Add directory="/home/adele/work/medieval-board-game/server/src/uWS"/>
					<Add directory="/include"/>
					<Add directory="/home/adele/work/medieval-board-game/server/$gtest_SOURCE_DIR}"/>
				</Compiler>
				<MakeCommands>
					<Build command="/usr/bin/make -f &quot;/home/adele/work/medieval-board-game/server/Makefile&quot;  VERBOSE=1 server/fast"/>
					<CompileFile command="/usr/bin/make -f &quot;/home/adele/work/medieval-board-game/server/Makefile&quot;  VERBOSE=1 &quot;$file&quot;"/>
					<Clean command="/usr/bin/make -f &quot;/home/adele/work/medieval-board-game/server/Makefile&quot;  VERBOSE=1 clean"/>
					<DistClean command="/usr/bin/make -f &quot;/home/adele/work/medieval-board-game/server/Makefile&quot;  VERBOSE=1 clean"/>
				</MakeCommands>
			</Target>
		</Build>
		<Unit filename="/home/adele/work/medieval-board-game/server/resource.h">
			<Option target="server"/>
		</Unit>
		<Unit filename="/home/adele/work/medieval-board-game/server/src/main.cpp">
			<Option target="server"/>
		</Unit>
		<Unit filename="/home/adele/work/medieval-board-game/server/src/sample.cc">
			<Option target="server"/>
		</Unit>
		<Unit filename="/home/adele/work/medieval-board-game/server/src/sample.h">
			<Option target="server"/>
		</Unit>
		<Unit filename="/home/adele/work/medieval-board-game/server/src/sample_unittest.cc">
			<Option target="tests"/>
		</Unit>
		<Unit filename="/home/adele/work/medieval-board-game/server/src/uWS/Asio.h">
			<Option target="server"/>
		</Unit>
		<Unit filename="/home/adele/work/medieval-board-game/server/src/uWS/Backend.h">
			<Option target="server"/>
		</Unit>
		<Unit filename="/home/adele/work/medieval-board-game/server/src/uWS/Epoll.cpp">
			<Option target="server"/>
		</Unit>
		<Unit filename="/home/adele/work/medieval-board-game/server/src/uWS/Epoll.h">
			<Option target="server"/>
		</Unit>
		<Unit filename="/home/adele/work/medieval-board-game/server/src/uWS/Extensions.cpp">
			<Option target="server"/>
		</Unit>
		<Unit filename="/home/adele/work/medieval-board-game/server/src/uWS/Extensions.h">
			<Option target="server"/>
		</Unit>
		<Unit filename="/home/adele/work/medieval-board-game/server/src/uWS/Group.cpp">
			<Option target="server"/>
		</Unit>
		<Unit filename="/home/adele/work/medieval-board-game/server/src/uWS/Group.h">
			<Option target="server"/>
		</Unit>
		<Unit filename="/home/adele/work/medieval-board-game/server/src/uWS/HTTPSocket.cpp">
			<Option target="server"/>
		</Unit>
		<Unit filename="/home/adele/work/medieval-board-game/server/src/uWS/HTTPSocket.h">
			<Option target="server"/>
		</Unit>
		<Unit filename="/home/adele/work/medieval-board-game/server/src/uWS/Hub.cpp">
			<Option target="server"/>
		</Unit>
		<Unit filename="/home/adele/work/medieval-board-game/server/src/uWS/Hub.h">
			<Option target="server"/>
		</Unit>
		<Unit filename="/home/adele/work/medieval-board-game/server/src/uWS/Libuv.h">
			<Option target="server"/>
		</Unit>
		<Unit filename="/home/adele/work/medieval-board-game/server/src/uWS/Networking.cpp">
			<Option target="server"/>
		</Unit>
		<Unit filename="/home/adele/work/medieval-board-game/server/src/uWS/Networking.h">
			<Option target="server"/>
		</Unit>
		<Unit filename="/home/adele/work/medieval-board-game/server/src/uWS/Node.cpp">
			<Option target="server"/>
		</Unit>
		<Unit filename="/home/adele/work/medieval-board-game/server/src/uWS/Node.h">
			<Option target="server"/>
		</Unit>
		<Unit filename="/home/adele/work/medieval-board-game/server/src/uWS/Room.cpp">
			<Option target="server"/>
		</Unit>
		<Unit filename="/home/adele/work/medieval-board-game/server/src/uWS/Room.h">
			<Option target="server"/>
		</Unit>
		<Unit filename="/home/adele/work/medieval-board-game/server/src/uWS/Socket.cpp">
			<Option target="server"/>
		</Unit>
		<Unit filename="/home/adele/work/medieval-board-game/server/src/uWS/Socket.h">
			<Option target="server"/>
		</Unit>
		<Unit filename="/home/adele/work/medieval-board-game/server/src/uWS/WebSocket.cpp">
			<Option target="server"/>
		</Unit>
		<Unit filename="/home/adele/work/medieval-board-game/server/src/uWS/WebSocket.h">
			<Option target="server"/>
		</Unit>
		<Unit filename="/home/adele/work/medieval-board-game/server/src/uWS/WebSocketProtocol.h">
			<Option target="server"/>
		</Unit>
		<Unit filename="/home/adele/work/medieval-board-game/server/src/uWS/uWS.h">
			<Option target="server"/>
		</Unit>
		<Unit filename="/home/adele/work/medieval-board-game/server/CMakeLists.txt">
			<Option virtualFolder="CMake Files\"/>
		</Unit>
	</Project>
</CodeBlocks_project_file>
